cel.dev/expr v0.18.0 h1:CJ6drgk+Hf96lkLikr4rFf19WrU0BOWEihyZnI2TAzo=
cel.dev/expr v0.18.0/go.mod h1:MrpN08Q+lEBs+bGYdLxxHkZoUSsCp0nSKTs0nTymJgw=
cloud.google.com/go v0.26.0/go.mod h1:aQUYkXzVsufM+DwF1aE+0xfcU+56JwCaLick0ClmMTw=
cloud.google.com/go v0.116.0 h1:B3fRrSDkLRt5qSHWe40ERJvhvnQwdZiHu0bJOpldweE=
cloud.google.com/go v0.116.0/go.mod h1:cEPSRWPzZEswwdr9BxE6ChEn01dWlTaF05LiC2Xs70U=
cloud.google.com/go/auth v0.11.0 h1:Ic5SZz2lsvbYcWT5dfjNWgw6tTlGi2Wc8hyQSC9BstA=
cloud.google.com/go/auth v0.11.0/go.mod h1:xxA5AqpDrvS+Gkmo9RqrGGRh6WSNKKOXhY3zNOr38tI=
cloud.google.com/go/auth/oauth2adapt v0.2.6 h1:V6a6XDu2lTwPZWOawrAa9HUK+DB2zfJyTuciBG5hFkU=
cloud.google.com/go/auth/oauth2adapt v0.2.6/go.mod h1:AlmsELtlEBnaNTL7jCj8VQFLy6mbZv0s4Q7NGBeQ5E8=
cloud.google.com/go/compute/metadata v0.5.2 h1:UxK4uu/Tn+I3p2dYWTfiX4wva7aYlKixAHn3fyqngqo=
cloud.google.com/go/compute/metadata v0.5.2/go.mod h1:C66sj2AluDcIqakBq/M8lw8/ybHgOZqin2obFxa/E5k=
cloud.google.com/go/iam v1.2.2 h1:ozUSofHUGf/F4tCNy/mu9tHLTaxZFLOUiKzjcgWHGIA=
cloud.google.com/go/iam v1.2.2/go.mod h1:0Ys8ccaZHdI1dEUilwzqng/6ps2YB6vRsjIe00/+6JY=
cloud.google.com/go/kms v1.20.1 h1:og29Wv59uf2FVaZlesaiDAqHFzHaoUyHI3HYp9VUHVg=
cloud.google.com/go/kms v1.20.1/go.mod h1:LywpNiVCvzYNJWS9JUcGJSVTNSwPwi0vBAotzDqn2nc=
cloud.google.com/go/logging v1.12.0 h1:ex1igYcGFd4S/RZWOCU51StlIEuey5bjqwH9ZYjHibk=
cloud.google.com/go/logging v1.12.0/go.mod h1:wwYBt5HlYP1InnrtYI0wtwttpVU1rifnMT7RejksUAM=
cloud.google.com/go/longrunning v0.6.2 h1:xjDfh1pQcWPEvnfjZmwjKQEcHnpz6lHjfy7Fo0MK+hc=
cloud.google.com/go/longrunning v0.6.2/go.mod h1:k/vIs83RN4bE3YCswdXC5PFfWVILjm3hpEUlSko4PiI=
cloud.google.com/go/monitoring v1.21.2 h1:FChwVtClH19E7pJ+e0xUhJPGksctZNVOk2UhMmblmdU=
cloud.google.com/go/monitoring v1.21.2/go.mod h1:hS3pXvaG8KgWTSz+dAdyzPrGUYmi2Q+WFX8g2hqVEZU=
cloud.google.com/go/pubsub v1.45.1 h1:ZC/UzYcrmK12THWn1P72z+Pnp2vu/zCZRXyhAfP1hJY=
cloud.google.com/go/pubsub v1.45.1/go.mod h1:3bn7fTmzZFwaUjllitv1WlsNMkqBgGUb3UdMhI54eCc=
cloud.google.com/go/storage v1.47.0 h1:ajqgt30fnOMmLfWfu1PWcb+V9Dxz6n+9WKjdNg5R4HM=
cloud.google.com/go/storage v1.47.0/go.mod h1:Ks0vP374w0PW6jOUameJbapbQKXqkjGd/OJRp2fb9IQ=
cloud.google.com/go/trace v1.11.2 h1:4ZmaBdL8Ng/ajrgKqY5jfvzqMXbrDcBsUGXOT9aqTtI=
cloud.google.com/go/trace v1.11.2/go.mod h1:bn7OwXd4pd5rFuAnTrzBuoZ4ax2XQeG3qNgYmfCy0Io=
dario.cat/mergo v1.0.1 h1:Ra4+bf83h2ztPIQYNP99R6m+Y7KfnARDfID+a+vLl4s=
dario.cat/mergo v1.0.1/go.mod h1:uNxQE+84aUszobStD9th8a29P2fMDhsBdgRYvZOxGmk=
filippo.io/edwards25519 v1.1.0 h1:FNf4tywRC1HmFuKW5xopWpigGjJKiJSV0Cqo0cJWDaA=
filippo.io/edwards25519 v1.1.0/go.mod h1:BxyFTGdWcka3PhytdK4V28tE5sGfRvvvRV7EaN4VDT4=
github.com/Azure/go-ansiterm v0.0.0-20230124172434-306776ec8161 h1:L/gRVlceqvL25UVaW/CKtUDjefjrs0SPonmDGUVOYP0=
github.com/Azure/go-ansiterm v0.0.0-20230124172434-306776ec8161/go.mod h1:xomTg63KZ2rFqZQzSB4Vz2SUXa1BpHTVz9L5PTmPC4E=
github.com/BurntSushi/toml v0.3.1/go.mod h1:xHWCNGjB5oqiDr8zfno3MHue2Ht5sIBksp03qcyfWMU=
github.com/BurntSushi/toml v1.4.0 h1:kuoIxZQy2WRRk1pttg9asf+WVv6tWQuBNVmK8+nqPr0=
github.com/BurntSushi/toml v1.4.0/go.mod h1:ukJfTF/6rtPPRCnwkur4qwRxa8vTRFBF0uk2lLoLwho=
github.com/MakeNowJust/heredoc v1.0.0 h1:cXCdzVdstXyiTqTvfqk9SDHpKNjxuom+DOlyEeQ4pzQ=
github.com/MakeNowJust/heredoc v1.0.0/go.mod h1:mG5amYoWBHf8vpLOuehzbGGw0EHxpZZ6lCpQ4fNJ8LE=
github.com/Masterminds/goutils v1.1.1 h1:5nUrii3FMTL5diU80unEVvNevw1nH4+ZV4DSLVJLSYI=
github.com/Masterminds/goutils v1.1.1/go.mod h1:8cTjp+g8YejhMuvIA5y2vz3BpJxksy863GQaJW2MFNU=
github.com/Masterminds/semver v1.5.0 h1:H65muMkzWKEuNDnfl9d70GUjFniHKHRbFPGBuZ3QEww=
github.com/Masterminds/semver v1.5.0/go.mod h1:MB6lktGJrhw8PrUyiEoblNEGEQ+RzHPF078ddwwvV3Y=
github.com/Masterminds/sprig/v3 v3.3.0 h1:mQh0Yrg1XPo6vjYXgtf5OtijNAKJRNcTdOOGZe3tPhs=
github.com/Masterminds/sprig/v3 v3.3.0/go.mod h1:Zy1iXRYNqNLUolqCpL4uhk6SHUMAOSCzdgBfDb35Lz0=
github.com/Masterminds/squirrel v1.5.4 h1:uUcX/aBc8O7Fg9kaISIUsHXdKuqehiXAMQTYX8afzqM=
github.com/Masterminds/squirrel v1.5.4/go.mod h1:NNaOrjSoIDfDA40n7sr2tPNZRfjzjA400rg+riTZj10=
github.com/Microsoft/go-winio v0.6.2 h1:F2VQgta7ecxGYO8k3ZZz3RS8fVIXVxONVUPlNERoyfY=
github.com/Microsoft/go-winio v0.6.2/go.mod h1:yd8OoFMLzJbo9gZq8j5qaps8bJ9aShtEA8Ipt1oGCvU=
